
Microsoft Visual Studio Solution File, Format Version 12.00
Project("{FAE04EC0-301F-11D3-BF4B-00C04F79EFBC}") = "ProtegeRotations.API", "ProtegeRotations.API.csproj", "{5AF78171-0D40-480B-B6DA-9DEE41AD7E2B}"
EndProject
Global
	GlobalSection(SolutionConfigurationPlatforms) = preSolution
		Debug|Any CPU = Debug|Any CPU
		Release|Any CPU = Release|Any CPU
	EndGlobalSection
	GlobalSection(ProjectConfigurationPlatforms) = postSolution
		{5AF78171-0D40-480B-B6DA-9DEE41AD7E2B}.Debug|Any CPU.ActiveCfg = Debug|Any CPU
		{5AF78171-0D40-480B-B6DA-9DEE41AD7E2B}.Debug|Any CPU.Build.0 = Debug|Any CPU
		{5AF78171-0D40-480B-B6DA-9DEE41AD7E2B}.Release|Any CPU.ActiveCfg = Release|Any CPU
		{5AF78171-0D40-480B-B6DA-9DEE41AD7E2B}.Release|Any CPU.Build.0 = Release|Any CPU
	EndGlobalSection
EndGlobal
